# This file is generated by running "yarn install" inside your project.
# Manual changes might be lost - proceed with caution!

__metadata:
  version: 9
  cacheKey: 10c0

"@types/k6@npm:^2.2.0":
  version: 2.2.0
  resolution: "@types/k6@npm:2.2.0"
  checksum: 10c0/a4cc08f17623f70a14da62e5b1531908b9a97d3f09863dc4d127d90447d6ab3ae220d0e16af1c0d8852f8a3567a05ff24801f6849bd67a94177c6b0a44e789ce
  languageName: node
  linkType: hard

"scrumlr-load-tests@workspace:.":
  version: 0.0.0-use.local
  resolution: "scrumlr-load-tests@workspace:."
  dependencies:
    "@types/k6": "npm:^2.2.0"
  languageName: unknown
  linkType: soft
