# This file is generated by running "yarn install" inside your project.
# Manual changes might be lost - proceed with caution!

__metadata:
  version: 9
  cacheKey: 10c0

"@biomejs/biome@npm:2.5.10":
  version: 2.5.10
  resolution: "@biomejs/biome@npm:2.5.10"
  dependencies:
    "@biomejs/cli-darwin-arm64": "npm:2.5.10"
    "@biomejs/cli-darwin-x64": "npm:2.5.10"
    "@biomejs/cli-linux-arm64": "npm:2.5.10"
    "@biomejs/cli-linux-arm64-musl": "npm:2.5.10"
    "@biomejs/cli-linux-x64": "npm:2.5.10"
    "@biomejs/cli-linux-x64-musl": "npm:2.5.10"
    "@biomejs/cli-win32-arm64": "npm:2.5.10"
    "@biomejs/cli-win32-x64": "npm:2.5.10"
  dependenciesMeta:
    "@biomejs/cli-darwin-arm64":
      optional: true
    "@biomejs/cli-darwin-x64":
      optional: true
    "@biomejs/cli-linux-arm64":
      optional: true
    "@biomejs/cli-linux-arm64-musl":
      optional: true
    "@biomejs/cli-linux-x64":
      optional: true
    "@biomejs/cli-linux-x64-musl":
      optional: true
    "@biomejs/cli-win32-arm64":
      optional: true
    "@biomejs/cli-win32-x64":
      optional: true
  bin:
    biome: bin/biome
  checksum: 10c0/486653f389d235abf2f899e6b1bc5ec548905d89f15ce5a3c60f673ed4c473eabdf9ad9cebbe5c1ef080739ebdda88402c58f64e2a055af3e319126f0fec1e93
  languageName: node
  linkType: hard

"@biomejs/cli-darwin-arm64@npm:2.5.10":
  version: 2.5.10
  resolution: "@biomejs/cli-darwin-arm64@npm:2.5.10"
  conditions: os=darwin & cpu=arm64
  languageName: node
  linkType: hard

"@biomejs/cli-darwin-x64@npm:2.5.10":
  version: 2.5.10
  resolution: "@biomejs/cli-darwin-x64@npm:2.5.10"
  conditions: os=darwin & cpu=x64
  languageName: node
  linkType: hard

"@biomejs/cli-linux-arm64-musl@npm:2.5.10":
  version: 2.5.10
  resolution: "@biomejs/cli-linux-arm64-musl@npm:2.5.10"
  conditions: os=linux & cpu=arm64 & libc=musl
  languageName: node
  linkType: hard

"@biomejs/cli-linux-arm64@npm:2.5.10":
  version: 2.5.10
  resolution: "@biomejs/cli-linux-arm64@npm:2.5.10"
  conditions: os=linux & cpu=arm64 & libc=glibc
  languageName: node
  linkType: hard

"@biomejs/cli-linux-x64-musl@npm:2.5.10":
  version: 2.5.10
  resolution: "@biomejs/cli-linux-x64-musl@npm:2.5.10"
  conditions: os=linux & cpu=x64 & libc=musl
  languageName: node
  linkType: hard

"@biomejs/cli-linux-x64@npm:2.5.10":
  version: 2.5.10
  resolution: "@biomejs/cli-linux-x64@npm:2.5.10"
  conditions: os=linux & cpu=x64 & libc=glibc
  languageName: node
  linkType: hard

"@biomejs/cli-win32-arm64@npm:2.5.10":
  version: 2.5.10
  resolution: "@biomejs/cli-win32-arm64@npm:2.5.10"
  conditions: os=win32 & cpu=arm64
  languageName: node
  linkType: hard

"@biomejs/cli-win32-x64@npm:2.5.10":
  version: 2.5.10
  resolution: "@biomejs/cli-win32-x64@npm:2.5.10"
  conditions: os=win32 & cpu=x64
  languageName: node
  linkType: hard

"@types/k6@npm:^2.2.0":
  version: 2.2.0
  resolution: "@types/k6@npm:2.2.0"
  checksum: 10c0/a4cc08f17623f70a14da62e5b1531908b9a97d3f09863dc4d127d90447d6ab3ae220d0e16af1c0d8852f8a3567a05ff24801f6849bd67a94177c6b0a44e789ce
  languageName: node
  linkType: hard

"scrumlr-load-tests@workspace:.":
  version: 0.0.0-use.local
  resolution: "scrumlr-load-tests@workspace:."
  dependencies:
    "@biomejs/biome": "npm:2.5.10"
    "@types/k6": "npm:^2.2.0"
  languageName: unknown
  linkType: soft
