cloud.google.com/go/compute/metadata v0.9.0 h1:pDUj4QMoPejqq20dK0Pg2N4yG9zIkYGdBtwLoEkH9Zs=
cloud.google.com/go/compute/metadata v0.9.0/go.mod h1:E0bWwX5wTnLPedCKqk3pJmVgCBSM6qQI1yTBdEb3C10=
dario.cat/mergo v1.0.2 h1:85+piFYR1tMbRrLcDwR18y4UKJ3aH1Tbzi24VRW1TK8=
dario.cat/mergo v1.0.2/go.mod h1:E/hbnu0NxMFBjpMIE34DRGLWqDy0g5FuKDhCb31ngxA=
github.com/AdaLogics/go-fuzz-headers v0.0.0-20240806141605-e8a1dd7889d6 h1:He8afgbRMd7mFxO99hRNu+6tazq8nFF9lIwo9JFroBk=
github.com/AdaLogics/go-fuzz-headers v0.0.0-20240806141605-e8a1dd7889d6/go.mod h1:8o94RPi1/7XTJvwPpRSzSUedZrtlirdB3r9Z20bi2f8=
github.com/Azure/go-ansiterm v0.0.0-20250102033503-faa5f7b0171c h1:udKWzYgxTojEKWjV8V+WSxDXJ4NFATAsZjh8iIbsQIg=
github.com/Azure/go-ansiterm v0.0.0-20250102033503-faa5f7b0171c/go.mod h1:xomTg63KZ2rFqZQzSB4Vz2SUXa1BpHTVz9L5PTmPC4E=
github.com/BurntSushi/toml v1.6.0 h1:dRaEfpa2VI55EwlIW72hMRHdWouJeRF7TPYhI+AUQjk=
github.com/BurntSushi/toml v1.6.0/go.mod h1:ukJfTF/6rtPPRCnwkur4qwRxa8vTRFBF0uk2lLoLwho=
github.com/Microsoft/go-winio v0.6.2 h1:F2VQgta7ecxGYO8k3ZZz3RS8fVIXVxONVUPlNERoyfY=
github.com/Microsoft/go-winio v0.6.2/go.mod h1:yd8OoFMLzJbo9gZq8j5qaps8bJ9aShtEA8Ipt1oGCvU=
github.com/ajg/form v1.5.1 h1:t9c7v8JUKu/XxOGBU0yjNpaMloxGEJhUkqFRq0ibGeU=
github.com/ajg/form v1.5.1/go.mod h1:uL1WgH+h2mgNtvBq0339dVnzXdBETtL2LeUXaIv25UY=
github.com/bsm/ginkgo/v2 v2.12.0 h1:Ny8MWAHyOepLGlLKYmXG4IEkioBysk6GpaRTLC8zwWs=
github.com/bsm/ginkgo/v2 v2.12.0/go.mod h1:SwYbGRRDovPVboqFv0tPTcG1sN61LM1Z4ARdbAV9g4c=
github.com/bsm/gomega v1.27.10 h1:yeMWxP2pV2fG3FgAODIY8EiRE3dy0aeFYt4l7wh6yKA=
github.com/bsm/gomega v1.27.10/go.mod h1:JyEr/xRbxbtgWNi8tIEVPUYZ5Dzef52k01W3YH0H+O0=
github.com/cenkalti/backoff/v4 v4.3.0 h1:MyRJ/UdXutAwSAT+s3wNd7MfTIcy71VQueUuFK343L8=
github.com/cenkalti/backoff/v4 v4.3.0/go.mod h1:Y3VNntkOUPxTVeUxJ/G5vcM//AlwfmyYozVcomhLiZE=
github.com/cenkalti/backoff/v5 v5.0.3 h1:ZN+IMa753KfX5hd8vVaMixjnqRZ3y8CuJKRKj1xcsSM=
github.com/cenkalti/backoff/v5 v5.0.3/go.mod h1:rkhZdG3JZukswDf7f0cwqPNk4K0sa+F97BxZthm/crw=
github.com/cespare/xxhash/v2 v2.3.0 h1:UL815xU9SqsFlibzuggzjXhog7bL6oX9BbNZnL2UFvs=
github.com/cespare/xxhash/v2 v2.3.0/go.mod h1:VGX0DQ3Q6kWi7AoAeZDth3/j3BFtOZR5XLFGgcrjCOs=
github.com/coder/websocket v1.8.14 h1:9L0p0iKiNOibykf283eHkKUHHrpG7f65OE3BhhO7v9g=
github.com/coder/websocket v1.8.14/go.mod h1:NX3SzP+inril6yawo5CQXx8+fk145lPDC6pumgx0mVg=
github.com/containerd/errdefs v1.0.0 h1:tg5yIfIlQIrxYtu9ajqY42W3lpS19XqdxRQeEwYG8PI=
github.com/containerd/errdefs v1.0.0/go.mod h1:+YBYIdtsnF4Iw6nWZhJcqGSg/dwvV7tyJ/kCkyJ2k+M=
github.com/containerd/errdefs/pkg v0.3.0 h1:9IKJ06FvyNlexW690DXuQNx2KA2cUJXx151Xdx3ZPPE=
github.com/containerd/errdefs/pkg v0.3.0/go.mod h1:NJw6s9HwNuRhnjJhM7pylWwMyAkmCQvQ4GpJHEqRLVk=
github.com/containerd/log v0.1.0 h1:TCJt7ioM2cr/tfR8GPbGf9/VRAX8D2B4PjzCpfX540I=
github.com/containerd/log v0.1.0/go.mod h1:VRRf09a7mHDIRezVKTRCrOq78v577GXq3bSa3EhrzVo=
github.com/containerd/platforms v0.2.1 h1:zvwtM3rz2YHPQsF2CHYM8+KtB5dvhISiXh5ZpSBQv6A=
github.com/containerd/platforms v0.2.1/go.mod h1:XHCb+2/hzowdiut9rkudds9bE5yJ7npe7dG/wG+uFPw=
github.com/cpuguy83/dockercfg v0.3.2 h1:DlJTyZGBDlXqUZ2Dk2Q3xHs/FtnooJJVaad2S9GKorA=
github.com/cpuguy83/dockercfg v0.3.2/go.mod h1:sugsbF4//dDlL/i+S+rtpIWp+5h0BHJHfjj5/jFyUJc=
github.com/cpuguy83/go-md2man/v2 v2.0.7 h1:zbFlGlXEAKlwXpmvle3d8Oe3YnkKIK4xSRTd3sHPnBo=
github.com/cpuguy83/go-md2man/v2 v2.0.7/go.mod h1:oOW0eioCTA6cOiMLiUPZOpcVxMig6NIQQ7OS05n1F4g=
github.com/creack/pty v1.1.18 h1:n56/Zwd5o6whRC5PMGretI4IdRLlmBXYNjScPaBgsbY=
github.com/creack/pty v1.1.18/go.mod h1:MOBLtS5ELjhRRrroQr9kyvTxUAFNvYEK993ew/Vr4O4=
github.com/davecgh/go-spew v1.1.0/go.mod h1:J7Y8YcW2NihsgmVo/mv3lAwl/skON4iLHjSsI+c5H38=
github.com/davecgh/go-spew v1.1.2-0.20180830191138-d8f796af33cc h1:U9qPSI2PIWSS1VwoXQT9A3Wy9MM3WgvqSxFWenqJduM=
github.com/davecgh/go-spew v1.1.2-0.20180830191138-d8f796af33cc/go.mod h1:J7Y8YcW2NihsgmVo/mv3lAwl/skON4iLHjSsI+c5H38=
github.com/decred/dcrd/dcrec/secp256k1/v4 v4.4.0 h1:NMZiJj8QnKe1LgsbDayM4UoHwbvwDRwnI3hwNaAHRnc=
github.com/decred/dcrd/dcrec/secp256k1/v4 v4.4.0/go.mod h1:ZXNYxsqcloTdSy/rNShjYzMhyjf0LaoftYK0p+A3h40=
github.com/dgryski/go-rendezvous v0.0.0-20200823014737-9f7001d12a5f h1:lO4WD4F/rVNCu3HqELle0jiPLLBs70cWOduZpkS1E78=
github.com/dgryski/go-rendezvous v0.0.0-20200823014737-9f7001d12a5f/go.mod h1:cuUVRXasLTGF7a8hSLbxyZXjz+1KgoB3wDUb6vlszIc=
github.com/dhui/dktest v0.4.6 h1:+DPKyScKSEp3VLtbMDHcUq6V5Lm5zfZZVb0Sk7Ahom4=
github.com/dhui/dktest v0.4.6/go.mod h1:JHTSYDtKkvFNFHJKqCzVzqXecyv+tKt8EzceOmQOgbU=
github.com/distribution/reference v0.6.0 h1:0IXCQ5g4/QMHHkarYzh5l+u8T3t73zM5QvfrDyIgxBk=
github.com/distribution/reference v0.6.0/go.mod h1:BbU0aIcezP1/5jX/8MP0YiH4SdvB5Y4f/wlDRiLyi3E=
github.com/docker/docker v28.5.2+incompatible h1:DBX0Y0zAjZbSrm1uzOkdr1onVghKaftjlSWt4AFexzM=
github.com/docker/docker v28.5.2+incompatible/go.mod h1:eEKB0N0r5NX/I1kEveEz05bcu8tLC/8azJZsviup8Sk=
github.com/docker/go-connections v0.6.0 h1:LlMG9azAe1TqfR7sO+NJttz1gy6KO7VJBh+pMmjSD94=
github.com/docker/go-connections v0.6.0/go.mod h1:AahvXYshr6JgfUJGdDCs2b5EZG/vmaMAntpSFH5BFKE=
github.com/docker/go-units v0.5.0 h1:69rxXcBk27SvSaaxTtLh/8llcHD8vYHT7WSdRZ/jvr4=
github.com/docker/go-units v0.5.0/go.mod h1:fgPhTUdO+D/Jk86RDLlptpiXQzgHJF7gydDDbaIK4Dk=
github.com/ebitengine/purego v0.9.1 h1:a/k2f2HQU3Pi399RPW1MOaZyhKJL9w/xFpKAg4q1s0A=
github.com/ebitengine/purego v0.9.1/go.mod h1:iIjxzd6CiRiOG0UyXP+V1+jWqUXVjPKLAI0mRfJZTmQ=
github.com/fatih/color v1.18.0 h1:S8gINlzdQ840/4pfAwic/ZE0djQEH3wM94VfqLTZcOM=
github.com/fatih/color v1.18.0/go.mod h1:4FelSpRwEGDpQ12mAdzqdOukCy4u8WUtOY6lkT/6HfU=
github.com/felixge/httpsnoop v1.0.4 h1:NFTV2Zj1bL4mc9sqWACXbQFVBBg2W3GPvqp8/ESS2Wg=
github.com/felixge/httpsnoop v1.0.4/go.mod h1:m8KPJKqk1gH5J9DgRY2ASl2lWCfGKXixSwevea8zH2U=
github.com/fsnotify/fsnotify v1.4.7/go.mod h1:jwhsz4b93w/PPRr/qN1Yymfu8t87LnFCMoQvtojpjFo=
github.com/go-chi/chi/v5 v5.2.4 h1:WtFKPHwlywe8Srng8j2BhOD9312j9cGUxG1SP4V2cR4=
github.com/go-chi/chi/v5 v5.2.4/go.mod h1:X7Gx4mteadT3eDOMTsXzmI4/rwUpOwBHLpAfupzFJP0=
github.com/go-chi/cors v1.2.2 h1:Jmey33TE+b+rB7fT8MUy1u0I4L+NARQlK6LhzKPSyQE=
github.com/go-chi/cors v1.2.2/go.mod h1:sSbTewc+6wYHBBCW7ytsFSn836hqM7JxpglAy2Vzc58=
github.com/go-chi/httprate v0.15.0 h1:j54xcWV9KGmPf/X4H32/aTH+wBlrvxL7P+SdnRqxh5g=
github.com/go-chi/httprate v0.15.0/go.mod h1:rzGHhVrsBn3IMLYDOZQsSU4fJNWcjui4fWKJcCId1R4=
github.com/go-chi/jwtauth/v5 v5.3.3 h1:50Uzmacu35/ZP9ER2Ht6SazwPsnLQ9LRJy6zTZJpHEo=
github.com/go-chi/jwtauth/v5 v5.3.3/go.mod h1:O4QvPRuZLZghl9WvfVaON+ARfGzpD2PBX/QY5vUz7aQ=
github.com/go-chi/render v1.0.3 h1:AsXqd2a1/INaIfUSKq3G5uA8weYx20FOsM7uSoCyyt4=
github.com/go-chi/render v1.0.3/go.mod h1:/gr3hVkmYR0YlEy3LxCuVRFzEu9Ruok+gFqbIofjao0=
github.com/go-logr/logr v1.2.2/go.mod h1:jdQByPbusPIv2/zmleS9BjJVeZ6kBagPoEUsqbVz/1A=
github.com/go-logr/logr v1.4.3 h1:CjnDlHq8ikf6E492q6eKboGOC0T8CDaOvkHCIg8idEI=
github.com/go-logr/logr v1.4.3/go.mod h1:9T104GzyrTigFIr8wt5mBrctHMim0Nb2HLGrmQ40KvY=
github.com/go-logr/stdr v1.2.2 h1:hSWxHoqTgW2S2qGc0LTAI563KZ5YKYRhT3MFKZMbjag=
github.com/go-logr/stdr v1.2.2/go.mod h1:mMo/vtBO5dYbehREoey6XUKy/eSumjCCveDpRre4VKE=
github.com/go-ole/go-ole v1.2.6/go.mod h1:pprOEPIfldk/42T2oK7lQ4v4JSDwmV0As9GaiUsvbm0=
github.com/go-ole/go-ole v1.3.0 h1:Dt6ye7+vXGIKZ7Xtk4s6/xVdGDQynvom7xCFEdWr6uE=
github.com/go-ole/go-ole v1.3.0/go.mod h1:5LS6F96DhAwUc7C+1HLexzMXY1xGRSryjyPPKW6zv78=
github.com/goccy/go-json v0.10.5 h1:Fq85nIqj+gXn/S5ahsiTlK3TmC85qgirsdTP/+DeaC4=
github.com/goccy/go-json v0.10.5/go.mod h1:oq7eo15ShAhp70Anwd5lgX2pLfOS3QCiwU/PULtXL6M=
github.com/golang-jwt/jwt/v5 v5.3.0 h1:pv4AsKCKKZuqlgs5sUmn4x8UlGa0kEVt/puTpKx9vvo=
github.com/golang-jwt/jwt/v5 v5.3.0/go.mod h1:fxCRLWMO43lRc8nhHWY6LGqRcf+1gQWArsqaEUEa5bE=
github.com/golang-migrate/migrate/v4 v4.19.1 h1:OCyb44lFuQfYXYLx1SCxPZQGU7mcaZ7gH9yH4jSFbBA=
github.com/golang-migrate/migrate/v4 v4.19.1/go.mod h1:CTcgfjxhaUtsLipnLoQRWCrjYXycRz/g5+RWDuYgPrE=
github.com/golang/protobuf v1.2.0/go.mod h1:6lQm79b+lXiMfvg/cZm0SGofjICqVBUtrP5yJMmIC1U=
github.com/golang/protobuf v1.5.4 h1:i7eJL8qZTpSEXOPTxNKhASYpMn+8e5Q6AdndVa1dWek=
github.com/golang/protobuf v1.5.4/go.mod h1:lnTiLA8Wa4RWRcIUkrtSVa5nRhsEGBg48fD6rSs7xps=
github.com/google/go-cmp v0.7.0 h1:wk8382ETsv4JYUZwIsn6YpYiWiBsYLSJiTsyBybVuN8=
github.com/google/go-cmp v0.7.0/go.mod h1:pXiqmnSA92OHEEa9HXL2W4E7lf9JzCmGVUdgjX3N/iU=
github.com/google/gofuzz v1.2.0 h1:xRy4A+RhZaiKjJ1bPfwQ8sedCA+YS2YcCHW6ec7JMi0=
github.com/google/gofuzz v1.2.0/go.mod h1:dBl0BpW6vV/+mYPU4Po3pmUjxk6FQPldtuIdl/M65Eg=
github.com/google/uuid v1.6.0 h1:NIvaJDMOsjHA8n1jAhLSgzrAzy1Hgr+hNrb57e+94F0=
github.com/google/uuid v1.6.0/go.mod h1:TIyPZe4MgqvfeYDBFedMoGGpEw/LqOeaOT+nhxU+yHo=
github.com/gorilla/mux v1.8.1 h1:TuBL49tXwgrFYWhqrNgrUNEY92u81SPhu7sTdzQEiWY=
github.com/gorilla/mux v1.8.1/go.mod h1:AKf9I4AEqPTmMytcMc0KkNouC66V3BtZ4qD5fmWSiMQ=
github.com/gorilla/securecookie v1.1.2 h1:YCIWL56dvtr73r6715mJs5ZvhtnY73hBvEF8kXD8ePA=
github.com/gorilla/securecookie v1.1.2/go.mod h1:NfCASbcHqRSY+3a8tlWJwsQap2VX5pwzwo4h3eOamfo=
github.com/gorilla/sessions v1.4.0 h1:kpIYOp/oi6MG/p5PgxApU8srsSw9tuFbt46Lt7auzqQ=
github.com/gorilla/sessions v1.4.0/go.mod h1:FLWm50oby91+hl7p/wRxDth9bWSuk0qVL2emc7lT5ik=
github.com/grpc-ecosystem/grpc-gateway/v2 v2.27.7 h1:X+2YciYSxvMQK0UZ7sg45ZVabVZBeBuvMkmuI2V3Fak=
github.com/grpc-ecosystem/grpc-gateway/v2 v2.27.7/go.mod h1:lW34nIZuQ8UDPdkon5fmfp2l3+ZkQ2me/+oecHYLOII=
github.com/hpcloud/tail v1.0.0/go.mod h1:ab1qPbhIpdTxEkNHXyeSf5vhxWSCs/tWer42PpOxQnU=
github.com/jackc/pgpassfile v1.0.0 h1:/6Hmqy13Ss2zCq62VdNG8tM1wchn8zjSGOBJ6icpsIM=
github.com/jackc/pgpassfile v1.0.0/go.mod h1:CEx0iS5ambNFdcRtxPj5JhEz+xB6uRky5eyVu/W2HEg=
github.com/jackc/pgservicefile v0.0.0-20240606120523-5a60cdf6a761 h1:iCEnooe7UlwOQYpKFhBabPMi4aNAfoODPEFNiAnClxo=
github.com/jackc/pgservicefile v0.0.0-20240606120523-5a60cdf6a761/go.mod h1:5TJZWKEWniPve33vlWYSoGYefn3gLQRzjfDlhSJ9ZKM=
github.com/jackc/pgx/v5 v5.7.1 h1:x7SYsPBYDkHDksogeSmZZ5xzThcTgRz++I5E+ePFUcs=
github.com/jackc/pgx/v5 v5.7.1/go.mod h1:e7O26IywZZ+naJtWWos6i6fvWK+29etgITqrqHLfoZA=
github.com/jackc/puddle/v2 v2.2.2 h1:PR8nw+E/1w0GLuRFSmiioY6UooMp6KJv0/61nB7icHo=
github.com/jackc/puddle/v2 v2.2.2/go.mod h1:vriiEXHvEE654aYKXXjOvZM39qJ0q+azkZFrfEOc3H4=
github.com/jinzhu/inflection v1.0.0 h1:K317FqzuhWc8YvSVlFMCCUb36O/S9MCKRDI7QkRKD/E=
github.com/jinzhu/inflection v1.0.0/go.mod h1:h+uFLlag+Qp1Va5pdKtLDYj+kHp5pxUVkryuEj+Srlc=
github.com/klauspost/compress v1.18.3 h1:9PJRvfbmTabkOX8moIpXPbMMbYN60bWImDDU7L+/6zw=
github.com/klauspost/compress v1.18.3/go.mod h1:R0h/fSBs8DE4ENlcrlib3PsXS61voFxhIs2DeRhCvJ4=
github.com/klauspost/cpuid/v2 v2.3.0 h1:S4CRMLnYUhGeDFDqkGriYKdfoFlDnMtqTiI/sFzhA9Y=
github.com/klauspost/cpuid/v2 v2.3.0/go.mod h1:hqwkgyIinND0mEev00jJYCxPNVRVXFQeu1XKlok6oO0=
github.com/kr/pretty v0.3.1 h1:flRD4NNwYAUpkphVc1HcthR4KEIFJ65n8Mw5qdRn3LE=
github.com/kr/pretty v0.3.1/go.mod h1:hoEshYVHaxMs3cyo3Yncou5ZscifuDolrwPKZanG3xk=
github.com/kr/text v0.2.0 h1:5Nx0Ya0ZqY2ygV366QzturHI13Jq95ApcVaJBhpS+AY=
github.com/kr/text v0.2.0/go.mod h1:eLer722TekiGuMkidMxC/pM04lWEeraHUUmBw8l2grE=
github.com/lestrrat-go/backoff/v2 v2.0.8 h1:oNb5E5isby2kiro9AgdHLv5N5tint1AnDVVf2E2un5A=
github.com/lestrrat-go/backoff/v2 v2.0.8/go.mod h1:rHP/q/r9aT27n24JQLa7JhSQZCKBBOiM/uP402WwN8Y=
github.com/lestrrat-go/blackmagic v1.0.4 h1:IwQibdnf8l2KoO+qC3uT4OaTWsW7tuRQXy9TRN9QanA=
github.com/lestrrat-go/blackmagic v1.0.4/go.mod h1:6AWFyKNNj0zEXQYfTMPfZrAXUWUfTIZ5ECEUEJaijtw=
github.com/lestrrat-go/httpcc v1.0.1 h1:ydWCStUeJLkpYyjLDHihupbn2tYmZ7m22BGkcvZZrIE=
github.com/lestrrat-go/httpcc v1.0.1/go.mod h1:qiltp3Mt56+55GPVCbTdM9MlqhvzyuL6W/NMDA8vA5E=
github.com/lestrrat-go/httprc v1.0.6 h1:qgmgIRhpvBqexMJjA/PmwSvhNk679oqD1RbovdCGW8k=
github.com/lestrrat-go/httprc v1.0.6/go.mod h1:mwwz3JMTPBjHUkkDv/IGJ39aALInZLrhBp0X7KGUZlo=
github.com/lestrrat-go/iter v1.0.2 h1:gMXo1q4c2pHmC3dn8LzRhJfP1ceCbgSiT9lUydIzltI=
github.com/lestrrat-go/iter v1.0.2/go.mod h1:Momfcq3AnRlRjI5b5O8/G5/BvpzrhoFTZcn06fEOPt4=
github.com/lestrrat-go/jwx v1.2.31 h1:/OM9oNl/fzyldpv5HKZ9m7bTywa7COUfg8gujd9nJ54=
github.com/lestrrat-go/jwx v1.2.31/go.mod h1:eQJKoRwWcLg4PfD5CFA5gIZGxhPgoPYq9pZISdxLf0c=
github.com/lestrrat-go/jwx/v2 v2.1.6 h1:hxM1gfDILk/l5ylers6BX/Eq1m/pnxe9NBwW6lVfecA=
github.com/lestrrat-go/jwx/v2 v2.1.6/go.mod h1:Y722kU5r/8mV7fYDifjug0r8FK8mZdw0K0GpJw/l8pU=
github.com/lestrrat-go/option v1.0.0/go.mod h1:5ZHFbivi4xwXxhxY9XHDe2FHo6/Z7WWmtT7T5nBBp3I=
github.com/lestrrat-go/option v1.0.1 h1:oAzP2fvZGQKWkvHa1/SAcFolBEca1oN+mQ7eooNBEYU=
github.com/lestrrat-go/option v1.0.1/go.mod h1:5ZHFbivi4xwXxhxY9XHDe2FHo6/Z7WWmtT7T5nBBp3I=
github.com/lib/pq v1.10.9 h1:YXG7RB+JIjhP29X+OtkiDnYaXQwpS4JEWq7dtCCRUEw=
github.com/lib/pq v1.10.9/go.mod h1:AlVN5x4E4T544tWzH6hKfbfQvm3HdbOxrmggDNAPY9o=
github.com/lufia/plan9stats v0.0.0-20251013123823-9fd1530e3ec3 h1:PwQumkgq4/acIiZhtifTV5OUqqiP82UAl0h87xj/l9k=
github.com/lufia/plan9stats v0.0.0-20251013123823-9fd1530e3ec3/go.mod h1:autxFIvghDt3jPTLoqZ9OZ7s9qTGNAWmYCjVFWPX/zg=
github.com/magiconair/properties v1.8.10 h1:s31yESBquKXCV9a/ScB3ESkOjUYYv+X0rg8SYxI99mE=
github.com/magiconair/properties v1.8.10/go.mod h1:Dhd985XPs7jluiymwWYZ0G4Z61jb3vdS329zhj2hYo0=
github.com/markbates/going v1.0.3 h1:mY45T5TvW+Xz5A6jY7lf4+NLg9D8+iuStIHyR7M8qsE=
github.com/markbates/going v1.0.3/go.mod h1:fQiT6v6yQar9UD6bd/D4Z5Afbk9J6BBVBtLiyY4gp2o=
github.com/markbates/goth v1.82.0 h1:8j/c34AjBSTNzO7zTsOyP5IYCQCMBTRBHAbBt/PI0bQ=
github.com/markbates/goth v1.82.0/go.mod h1:/DRlcq0pyqkKToyZjsL2KgiA1zbF1HIjE7u2uC79rUk=
github.com/mattn/go-colorable v0.1.14 h1:9A9LHSqF/7dyVVX6g0U9cwm9pG3kP9gSzcuIPHPsaIE=
github.com/mattn/go-colorable v0.1.14/go.mod h1:6LmQG8QLFO4G5z1gPvYEzlUgJ2wF+stgPZH1UqBm1s8=
github.com/mattn/go-isatty v0.0.20 h1:xfD0iDuEKnDkl03q4limB+vH+GxLEtL/jb4xVJSWWEY=
github.com/mattn/go-isatty v0.0.20/go.mod h1:W+V8PltTTMOvKvAeJH7IuucS94S2C6jfK/D7dTCTo3Y=
github.com/mdelapenya/tlscert v0.2.0 h1:7H81W6Z/4weDvZBNOfQte5GpIMo0lGYEeWbkGp5LJHI=
github.com/mdelapenya/tlscert v0.2.0/go.mod h1:O4njj3ELLnJjGdkN7M/vIVCpZ+Cf0L6muqOG4tLSl8o=
github.com/moby/docker-image-spec v1.3.1 h1:jMKff3w6PgbfSa69GfNg+zN/XLhfXJGnEx3Nl2EsFP0=
github.com/moby/docker-image-spec v1.3.1/go.mod h1:eKmb5VW8vQEh/BAr2yvVNvuiJuY6UIocYsFu/DxxRpo=
github.com/moby/go-archive v0.2.0 h1:zg5QDUM2mi0JIM9fdQZWC7U8+2ZfixfTYoHL7rWUcP8=
github.com/moby/go-archive v0.2.0/go.mod h1:mNeivT14o8xU+5q1YnNrkQVpK+dnNe/K6fHqnTg4qPU=
github.com/moby/patternmatcher v0.6.0 h1:GmP9lR19aU5GqSSFko+5pRqHi+Ohk1O69aFiKkVGiPk=
github.com/moby/patternmatcher v0.6.0/go.mod h1:hDPoyOpDY7OrrMDLaYoY3hf52gNCR/YOUYxkhApJIxc=
github.com/moby/sys/atomicwriter v0.1.0 h1:kw5D/EqkBwsBFi0ss9v1VG3wIkVhzGvLklJ+w3A14Sw=
github.com/moby/sys/atomicwriter v0.1.0/go.mod h1:Ul8oqv2ZMNHOceF643P6FKPXeCmYtlQMvpizfsSoaWs=
github.com/moby/sys/sequential v0.6.0 h1:qrx7XFUd/5DxtqcoH1h438hF5TmOvzC/lspjy7zgvCU=
github.com/moby/sys/sequential v0.6.0/go.mod h1:uyv8EUTrca5PnDsdMGXhZe6CCe8U/UiTWd+lL+7b/Ko=
github.com/moby/sys/user v0.4.0 h1:jhcMKit7SA80hivmFJcbB1vqmw//wU61Zdui2eQXuMs=
github.com/moby/sys/user v0.4.0/go.mod h1:bG+tYYYJgaMtRKgEmuueC0hJEAZWwtIbZTB+85uoHjs=
github.com/moby/sys/userns v0.1.0 h1:tVLXkFOxVu9A64/yh59slHVv9ahO9UIev4JZusOLG/g=
github.com/moby/sys/userns v0.1.0/go.mod h1:IHUYgu/kao6N8YZlp9Cf444ySSvCmDlmzUcYfDHOl28=
github.com/moby/term v0.5.2 h1:6qk3FJAFDs6i/q3W/pQ97SX192qKfZgGjCQqfCJkgzQ=
github.com/moby/term v0.5.2/go.mod h1:d3djjFCrjnB+fl8NJux+EJzu0msscUP+f8it8hPkFLc=
github.com/morikuni/aec v1.1.0 h1:vBBl0pUnvi/Je71dsRrhMBtreIqNMYErSAbEeb8jrXQ=
github.com/morikuni/aec v1.1.0/go.mod h1:xDRgiq/iw5l+zkao76YTKzKttOp2cwPEne25HDkJnBw=
github.com/nats-io/nats.go v1.48.0 h1:pSFyXApG+yWU/TgbKCjmm5K4wrHu86231/w84qRVR+U=
github.com/nats-io/nats.go v1.48.0/go.mod h1:iRWIPokVIFbVijxuMQq4y9ttaBTMe0SFdlZfMDd+33g=
github.com/nats-io/nkeys v0.4.14 h1:ofx8UiyHP5S4Q52/THHucCJsMWu6zhf4DLh0U2593HE=
github.com/nats-io/nkeys v0.4.14/go.mod h1:seG5UKwYdZXb7M1y1vvu53mNh3xq2B6um/XUgYAgvkM=
github.com/nats-io/nuid v1.0.1 h1:5iA8DT8V7q8WK2EScv2padNa/rTESc1KdnPw4TC2paw=
github.com/nats-io/nuid v1.0.1/go.mod h1:19wcPz3Ph3q0Jbyiqsd0kePYG7A95tJPxeL+1OSON2c=
github.com/onsi/ginkgo v1.6.0/go.mod h1:lLunBs/Ym6LB5Z9jYTR76FiuTmxDTDusOGeTQH+WWjE=
github.com/onsi/ginkgo v1.7.0/go.mod h1:lLunBs/Ym6LB5Z9jYTR76FiuTmxDTDusOGeTQH+WWjE=
github.com/onsi/gomega v1.4.3/go.mod h1:ex+gbHU/CVuBBDIJjb2X0qEXbFg53c61hWP/1CpauHY=
github.com/opencontainers/go-digest v1.0.0 h1:apOUWs51W5PlhuyGyz9FCeeBIOUDA/6nW8Oi/yOhh5U=
github.com/opencontainers/go-digest v1.0.0/go.mod h1:0JzlMkj0TRzQZfJkVvzbP0HBR3IKzErnv2BNG4W4MAM=
github.com/opencontainers/image-spec v1.1.1 h1:y0fUlFfIZhPF1W537XOLg0/fcx6zcHCJwooC2xJA040=
github.com/opencontainers/image-spec v1.1.1/go.mod h1:qpqAh3Dmcf36wStyyWU+kCeDgrGnAve2nCC8+7h8Q0M=
github.com/peterldowns/pgtestdb v0.1.1 h1:+hBCD1DcbKeg5Sfg0G+5WNIy/Cm0ORgwMkF4ygihrmU=
github.com/peterldowns/pgtestdb v0.1.1/go.mod h1:yVWInWV0dxvmLdL2ao3nXDzWZ9+G6EhJ4gRwvI1Ozeg=
github.com/peterldowns/testy v0.0.1 h1:9a6LzvnKcL52Crzud1z7jbsAojTntCh89ho6mgsr4KU=
github.com/peterldowns/testy v0.0.1/go.mod h1:J4sm75UEzbfBIcq0zbrshWWjsJQiJ5RrhTPYKVY2Ww8=
github.com/pkg/errors v0.9.1 h1:FEBLx1zS214owpjy7qsBeixbURkuhQAwrK5UwLGTwt4=
github.com/pkg/errors v0.9.1/go.mod h1:bwawxfHBFNV+L2hUp1rHADufV3IMtnDRdf1r5NINEl0=
github.com/pmezard/go-difflib v1.0.0/go.mod h1:iKH77koFhYxTK1pcRnkKkqfTogsbg7gZNVY4sRDYZ/4=
github.com/pmezard/go-difflib v1.0.1-0.20181226105442-5d4384ee4fb2 h1:Jamvg5psRIccs7FGNTlIRMkT8wgtp5eCXdBlqhYGL6U=
github.com/pmezard/go-difflib v1.0.1-0.20181226105442-5d4384ee4fb2/go.mod h1:iKH77koFhYxTK1pcRnkKkqfTogsbg7gZNVY4sRDYZ/4=
github.com/power-devops/perfstat v0.0.0-20240221224432-82ca36839d55 h1:o4JXh1EVt9k/+g42oCprj/FisM4qX9L3sZB3upGN2ZU=
github.com/power-devops/perfstat v0.0.0-20240221224432-82ca36839d55/go.mod h1:OmDBASR4679mdNQnz2pUhc2G8CO2JrUAVFDRBDP/hJE=
github.com/puzpuzpuz/xsync/v3 v3.5.1 h1:GJYJZwO6IdxN/IKbneznS6yPkVC+c3zyY/j19c++5Fg=
github.com/puzpuzpuz/xsync/v3 v3.5.1/go.mod h1:VjzYrABPabuM4KyBh1Ftq6u8nhwY5tBPKP9jpmh0nnA=
github.com/redis/go-redis/extra/rediscmd/v9 v9.17.3 h1:v9RNP5ynWkruvzscrIoDyyv20c9YeyVn12L9nYnaexw=
github.com/redis/go-redis/extra/rediscmd/v9 v9.17.3/go.mod h1:gdthSemCkR3WxTmzV2XxYIxClunkUJZAhL0zPHaB0Ww=
github.com/redis/go-redis/extra/redisotel/v9 v9.17.3 h1:bF0e3fV7PL0knd1UHDtMud8wA7CZt3RSWtyTMhpnWd8=
github.com/redis/go-redis/extra/redisotel/v9 v9.17.3/go.mod h1:gR39sPK/dJZlqgIA9Nm4JFHcQJPyhsISBLj708nrD4w=
github.com/redis/go-redis/v9 v9.17.3 h1:fN29NdNrE17KttK5Ndf20buqfDZwGNgoUr9qjl1DQx4=
github.com/redis/go-redis/v9 v9.17.3/go.mod h1:u410H11HMLoB+TP67dz8rL9s6QW2j76l0//kSOd3370=
github.com/rogpeppe/go-internal v1.14.1 h1:UQB4HGPB6osV0SQTLymcB4TgvyWu6ZyliaW0tI/otEQ=
github.com/rogpeppe/go-internal v1.14.1/go.mod h1:MaRKkUm5W0goXpeCfT7UZI6fk/L7L7so1lCWt35ZSgc=
github.com/russross/blackfriday/v2 v2.1.0 h1:JIOH55/0cWyOuilr9/qlrm0BSXldqnqwMsf35Ld67mk=
github.com/russross/blackfriday/v2 v2.1.0/go.mod h1:+Rmxgy9KzJVeS9/2gXHxylqXiyQDYRxCVz55jmeOWTM=
github.com/segmentio/asm v1.2.1 h1:DTNbBqs57ioxAD4PrArqftgypG4/qNpXoJx8TVXxPR0=
github.com/segmentio/asm v1.2.1/go.mod h1:BqMnlJP91P8d+4ibuonYZw9mfnzI9HfxselHZr5aAcs=
github.com/serenize/snaker v0.0.0-20171204205717-a683aaf2d516/go.mod h1:Yow6lPLSAXx2ifx470yD/nUe22Dv5vBvxK/UK9UUTVs=
github.com/shirou/gopsutil/v4 v4.25.12 h1:e7PvW/0RmJ8p8vPGJH4jvNkOyLmbkXgXW4m6ZPic6CY=
github.com/shirou/gopsutil/v4 v4.25.12/go.mod h1:EivAfP5x2EhLp2ovdpKSozecVXn1TmuG7SMzs/Wh4PU=
github.com/sirupsen/logrus v1.9.4 h1:TsZE7l11zFCLZnZ+teH4Umoq5BhEIfIzfRDZ1Uzql2w=
github.com/sirupsen/logrus v1.9.4/go.mod h1:ftWc9WdOfJ0a92nsE2jF5u5ZwH8Bv2zdeOC42RjbV2g=
github.com/stretchr/objx v0.1.0/go.mod h1:HFkY916IF+rwdDfMAkV7OtwuqBVzrE8GR6GFx+wExME=
github.com/stretchr/objx v0.5.3 h1:jmXUvGomnU1o3W/V5h2VEradbpJDwGrzugQQvL0POH4=
github.com/stretchr/objx v0.5.3/go.mod h1:rDQraq+vQZU7Fde9LOZLr8Tax6zZvy4kuNKF+QYS+U0=
github.com/stretchr/testify v1.3.0/go.mod h1:M5WIy9Dh21IEIfnGCwXGc5bZfKNJtfHm1UVUgZn+9EI=
github.com/stretchr/testify v1.6.1/go.mod h1:6Fq8oRcR53rry900zMqJjRRixrwX3KX962/h/Wwjteg=
github.com/stretchr/testify v1.7.1/go.mod h1:6Fq8oRcR53rry900zMqJjRRixrwX3KX962/h/Wwjteg=
github.com/stretchr/testify v1.11.1 h1:7s2iGBzp5EwR7/aIZr8ao5+dra3wiQyKjjFuvgVKu7U=
github.com/stretchr/testify v1.11.1/go.mod h1:wZwfW3scLgRK+23gO65QZefKpKQRnfz6sD981Nm4B6U=
github.com/testcontainers/testcontainers-go v0.40.0 h1:pSdJYLOVgLE8YdUY2FHQ1Fxu+aMnb6JfVz1mxk7OeMU=
github.com/testcontainers/testcontainers-go v0.40.0/go.mod h1:FSXV5KQtX2HAMlm7U3APNyLkkap35zNLxukw9oBi/MY=
github.com/testcontainers/testcontainers-go/modules/nats v0.40.0 h1:IfMgeVI7Mg7CIu0R9N0c85XYMjai7e4OCCmHvkmG6Hg=
github.com/testcontainers/testcontainers-go/modules/nats v0.40.0/go.mod h1:HpKiTohLxK5QGdCkF0W57nEUDzOR5aZsazH1uo8nqso=
github.com/testcontainers/testcontainers-go/modules/postgres v0.40.0 h1:s2bIayFXlbDFexo96y+htn7FzuhpXLYJNnIuglNKqOk=
github.com/testcontainers/testcontainers-go/modules/postgres v0.40.0/go.mod h1:h+u/2KoREGTnTl9UwrQ/g+XhasAT8E6dClclAADeXoQ=
github.com/testcontainers/testcontainers-go/modules/redis v0.40.0 h1:OG4qwcxp2O0re7V7M9lY9w0v6wWgWf7j7rtkpAnGMd0=
github.com/testcontainers/testcontainers-go/modules/redis v0.40.0/go.mod h1:Bc+EDhKMo5zI5V5zdBkHiMVzeAXbtI4n5isS/nzf6zw=
github.com/tklauser/go-sysconf v0.3.16 h1:frioLaCQSsF5Cy1jgRBrzr6t502KIIwQ0MArYICU0nA=
github.com/tklauser/go-sysconf v0.3.16/go.mod h1:/qNL9xxDhc7tx3HSRsLWNnuzbVfh3e7gh/BmM179nYI=
github.com/tklauser/numcpus v0.11.0 h1:nSTwhKH5e1dMNsCdVBukSZrURJRoHbSEQjdEbY+9RXw=
github.com/tklauser/numcpus v0.11.0/go.mod h1:z+LwcLq54uWZTX0u/bGobaV34u6V7KNlTZejzM6/3MQ=
github.com/tmthrgd/go-hex v0.0.0-20190904060850-447a3041c3bc h1:9lRDQMhESg+zvGYmW5DyG0UqvY96Bu5QYsTLvCHdrgo=
github.com/tmthrgd/go-hex v0.0.0-20190904060850-447a3041c3bc/go.mod h1:bciPuU6GHm1iF1pBvUfxfsH0Wmnc2VbpgvbI9ZWuIRs=
github.com/uptrace/bun v1.2.16 h1:QlObi6ZIK5Ao7kAALnh91HWYNZUBbVwye52fmlQM9kc=
github.com/uptrace/bun v1.2.16/go.mod h1:jMoNg2n56ckaawi/O/J92BHaECmrz6IRjuMWqlMaMTM=
github.com/uptrace/bun/dialect/pgdialect v1.2.16 h1:KFNZ0LxAyczKNfK/IJWMyaleO6eI9/Z5tUv3DE1NVL4=
github.com/uptrace/bun/dialect/pgdialect v1.2.16/go.mod h1:IJdMeV4sLfh0LDUZl7TIxLI0LipF1vwTK3hBC7p5qLo=
github.com/uptrace/bun/extra/bundebug v1.2.16 h1:3OXAfHTU4ydu2+4j05oB1BxPx6+ypdWIVzTugl/7zl0=
github.com/uptrace/bun/extra/bundebug v1.2.16/go.mod h1:vk6R/1i67/S2RvUI5AH/m3P5e67mOkfDCmmCsAPUumo=
github.com/uptrace/bun/extra/bunotel v1.2.16 h1:zXNUHjIGfVzWv/H+REwKX05zWV+OGUkmC1X1HjlVr+M=
github.com/uptrace/bun/extra/bunotel v1.2.16/go.mod h1:p8L+qeQOxs6TOBa341F4M5HlwujXMTVL3NA9DEaBybQ=
github.com/uptrace/opentelemetry-go-extra/otelsql v0.3.2 h1:ZjUj9BLYf9PEqBn8W/OapxhPjVRdC6CsXTdULHsyk5c=
github.com/uptrace/opentelemetry-go-extra/otelsql v0.3.2/go.mod h1:O8bHQfyinKwTXKkiKNGmLQS7vRsqRxIQTFZpYpHK3IQ=
github.com/urfave/cli/v2 v2.27.7 h1:bH59vdhbjLv3LAvIu6gd0usJHgoTTPhCFib8qqOwXYU=
github.com/urfave/cli/v2 v2.27.7/go.mod h1:CyNAG/xg+iAOg0N4MPGZqVmv2rCoP267496AOXUZjA4=
github.com/vmihailenco/msgpack/v5 v5.4.1 h1:cQriyiUvjTwOHg8QZaPihLWeRAAVoCpE00IUPn0Bjt8=
github.com/vmihailenco/msgpack/v5 v5.4.1/go.mod h1:GaZTsDaehaPpQVyxrf5mtQlH+pc21PIudVV/E3rRQok=
github.com/vmihailenco/tagparser/v2 v2.0.0 h1:y09buUbR+b5aycVFQs/g70pqKVZNBmxwAhO7/IwNM9g=
github.com/vmihailenco/tagparser/v2 v2.0.0/go.mod h1:Wri+At7QHww0WTrCBeu4J6bNtoV6mEfg5OIWRZA9qds=
github.com/weppos/publicsuffix-go v0.50.2 h1:KsJFc8IEKTJovM46SRCnGNsM+rFShxcs6VEHjOJcXzE=
github.com/weppos/publicsuffix-go v0.50.2/go.mod h1:CbQCKDtXF8UcT7hrxeMa0MDjwhpOI9iYOU7cfq+yo8k=
github.com/xrash/smetrics v0.0.0-20250705151800-55b8f293f342 h1:FnBeRrxr7OU4VvAzt5X7s6266i6cSVkkFPS0TuXWbIg=
github.com/xrash/smetrics v0.0.0-20250705151800-55b8f293f342/go.mod h1:Ohn+xnUBiLI6FVj/9LpzZWtj1/D6lUovWYBkxHVV3aM=
github.com/yusufpapurcu/wmi v1.2.4 h1:zFUKzehAFReQwLys1b/iSMl+JQGSCSjtVqQn9bBrPo0=
github.com/yusufpapurcu/wmi v1.2.4/go.mod h1:SBZ9tNy3G9/m5Oi98Zks0QjeHVDvuK0qfxQmPyzfmi0=
github.com/zeebo/assert v1.3.0 h1:g7C04CbJuIDKNPFHmsk4hwZDO5O+kntRxzaUoNXj+IQ=
github.com/zeebo/assert v1.3.0/go.mod h1:Pq9JiuJQpG8JLJdtkwrJESF0Foym2/D9XMU5ciN/wJ0=
github.com/zeebo/xxh3 v1.1.0 h1:s7DLGDK45Dyfg7++yxI0khrfwq9661w9EN78eP/UZVs=
github.com/zeebo/xxh3 v1.1.0/go.mod h1:IisAie1LELR4xhVinxWS5+zf1lA4p0MW4T+w+W07F5s=
go.opentelemetry.io/auto/sdk v1.2.1 h1:jXsnJ4Lmnqd11kwkBV2LgLoFMZKizbCi5fNZ/ipaZ64=
go.opentelemetry.io/auto/sdk v1.2.1/go.mod h1:KRTj+aOaElaLi+wW1kO/DZRXwkF4C5xPbEe3ZiIhN7Y=
go.opentelemetry.io/contrib/bridges/otelzap v0.14.0 h1:2nKw2ZXZOC0N8RBsBbYwGwfKR7kJWzzyCZ6QfUGW/es=
go.opentelemetry.io/contrib/bridges/otelzap v0.14.0/go.mod h1:kvyVt0WEI5BB6XaIStXPIkCSQ2nSkyd8IZnAHLEXge4=
go.opentelemetry.io/contrib/instrumentation/net/http/otelhttp v0.65.0 h1:7iP2uCb7sGddAr30RRS6xjKy7AZ2JtTOPA3oolgVSw8=
go.opentelemetry.io/contrib/instrumentation/net/http/otelhttp v0.65.0/go.mod h1:c7hN3ddxs/z6q9xwvfLPk+UHlWRQyaeR1LdgfL/66l0=
go.opentelemetry.io/otel v1.40.0 h1:oA5YeOcpRTXq6NN7frwmwFR0Cn3RhTVZvXsP4duvCms=
go.opentelemetry.io/otel v1.40.0/go.mod h1:IMb+uXZUKkMXdPddhwAHm6UfOwJyh4ct1ybIlV14J0g=
go.opentelemetry.io/otel/exporters/otlp/otlplog/otlploggrpc v0.16.0 h1:ZVg+kCXxd9LtAaQNKBxAvJ5NpMf7LpvEr4MIZqb0TMQ=
go.opentelemetry.io/otel/exporters/otlp/otlplog/otlploggrpc v0.16.0/go.mod h1:hh0tMeZ75CCXrHd9OXRYxTlCAdxcXioWHFIpYw2rZu8=
go.opentelemetry.io/otel/exporters/otlp/otlplog/otlploghttp v0.16.0 h1:djrxvDxAe44mJUrKataUbOhCKhR3F8QCyWucO16hTQs=
go.opentelemetry.io/otel/exporters/otlp/otlplog/otlploghttp v0.16.0/go.mod h1:dt3nxpQEiSoKvfTVxp3TUg5fHPLhKtbcnN3Z1I1ePD0=
go.opentelemetry.io/otel/exporters/otlp/otlpmetric/otlpmetricgrpc v1.40.0 h1:NOyNnS19BF2SUDApbOKbDtWZ0IK7b8FJ2uAGdIWOGb0=
go.opentelemetry.io/otel/exporters/otlp/otlpmetric/otlpmetricgrpc v1.40.0/go.mod h1:VL6EgVikRLcJa9ftukrHu/ZkkhFBSo1lzvdBC9CF1ss=
go.opentelemetry.io/otel/exporters/otlp/otlpmetric/otlpmetrichttp v1.40.0 h1:9y5sHvAxWzft1WQ4BwqcvA+IFVUJ1Ya75mSAUnFEVwE=
go.opentelemetry.io/otel/exporters/otlp/otlpmetric/otlpmetrichttp v1.40.0/go.mod h1:eQqT90eR3X5Dbs1g9YSM30RavwLF725Ris5/XSXWvqE=
go.opentelemetry.io/otel/exporters/otlp/otlptrace v1.40.0 h1:QKdN8ly8zEMrByybbQgv8cWBcdAarwmIPZ6FThrWXJs=
go.opentelemetry.io/otel/exporters/otlp/otlptrace v1.40.0/go.mod h1:bTdK1nhqF76qiPoCCdyFIV+N/sRHYXYCTQc+3VCi3MI=
go.opentelemetry.io/otel/exporters/otlp/otlptrace/otlptracegrpc v1.40.0 h1:DvJDOPmSWQHWywQS6lKL+pb8s3gBLOZUtw4N+mavW1I=
go.opentelemetry.io/otel/exporters/otlp/otlptrace/otlptracegrpc v1.40.0/go.mod h1:EtekO9DEJb4/jRyN4v4Qjc2yA7AtfCBuz2FynRUWTXs=
go.opentelemetry.io/otel/exporters/otlp/otlptrace/otlptracehttp v1.40.0 h1:wVZXIWjQSeSmMoxF74LzAnpVQOAFDo3pPji9Y4SOFKc=
go.opentelemetry.io/otel/exporters/otlp/otlptrace/otlptracehttp v1.40.0/go.mod h1:khvBS2IggMFNwZK/6lEeHg/W57h/IX6J4URh57fuI40=
go.opentelemetry.io/otel/log v0.16.0 h1:DeuBPqCi6pQwtCK0pO4fvMB5eBq6sNxEnuTs88pjsN4=
go.opentelemetry.io/otel/log v0.16.0/go.mod h1:rWsmqNVTLIA8UnwYVOItjyEZDbKIkMxdQunsIhpUMes=
go.opentelemetry.io/otel/log/logtest v0.15.0 h1:porNFuxAjodl6LhePevOc3n7bo3Wi3JhGXNWe7KP8iU=
go.opentelemetry.io/otel/log/logtest v0.15.0/go.mod h1:c8epqBXGHgS1LiNgmD+LuNYK9lSS3mqvtMdxLsfJgLg=
go.opentelemetry.io/otel/metric v1.40.0 h1:rcZe317KPftE2rstWIBitCdVp89A2HqjkxR3c11+p9g=
go.opentelemetry.io/otel/metric v1.40.0/go.mod h1:ib/crwQH7N3r5kfiBZQbwrTge743UDc7DTFVZrrXnqc=
go.opentelemetry.io/otel/sdk v1.40.0 h1:KHW/jUzgo6wsPh9At46+h4upjtccTmuZCFAc9OJ71f8=
go.opentelemetry.io/otel/sdk v1.40.0/go.mod h1:Ph7EFdYvxq72Y8Li9q8KebuYUr2KoeyHx0DRMKrYBUE=
go.opentelemetry.io/otel/sdk/log v0.16.0 h1:e/b4bdlQwC5fnGtG3dlXUrNOnP7c8YLVSpSfEBIkTnI=
go.opentelemetry.io/otel/sdk/log v0.16.0/go.mod h1:JKfP3T6ycy7QEuv3Hj8oKDy7KItrEkus8XJE6EoSzw4=
go.opentelemetry.io/otel/sdk/log/logtest v0.16.0 h1:/XVkpZ41rVRTP4DfMgYv1nEtNmf65XPPyAdqV90TMy4=
go.opentelemetry.io/otel/sdk/log/logtest v0.16.0/go.mod h1:iOOPgQr5MY9oac/F5W86mXdeyWZGleIx3uXO98X2R6Y=
go.opentelemetry.io/otel/sdk/metric v1.40.0 h1:mtmdVqgQkeRxHgRv4qhyJduP3fYJRMX4AtAlbuWdCYw=
go.opentelemetry.io/otel/sdk/metric v1.40.0/go.mod h1:4Z2bGMf0KSK3uRjlczMOeMhKU2rhUqdWNoKcYrtcBPg=
go.opentelemetry.io/otel/trace v1.40.0 h1:WA4etStDttCSYuhwvEa8OP8I5EWu24lkOzp+ZYblVjw=
go.opentelemetry.io/otel/trace v1.40.0/go.mod h1:zeAhriXecNGP/s2SEG3+Y8X9ujcJOTqQ5RgdEJcawiA=
go.opentelemetry.io/proto/otlp v1.9.0 h1:l706jCMITVouPOqEnii2fIAuO3IVGBRPV5ICjceRb/A=
go.opentelemetry.io/proto/otlp v1.9.0/go.mod h1:xE+Cx5E/eEHw+ISFkwPLwCZefwVjY+pqKg1qcK03+/4=
go.uber.org/goleak v1.3.0 h1:2K3zAYmnTNqV73imy9J1T3WC+gmCePx2hEGkimedGto=
go.uber.org/goleak v1.3.0/go.mod h1:CoHD4mav9JJNrW/WLlf7HGZPjdw8EucARQHekz1X6bE=
go.uber.org/multierr v1.11.0 h1:blXXJkSxSSfBVBlC76pxqeO+LN3aDfLQo+309xJstO0=
go.uber.org/multierr v1.11.0/go.mod h1:20+QtiLqy0Nd6FdQB9TLXag12DsQkrbs3htMFfDN80Y=
go.uber.org/zap v1.27.1 h1:08RqriUEv8+ArZRYSTXy1LeBScaMpVSTBhCeaZYfMYc=
go.uber.org/zap v1.27.1/go.mod h1:GB2qFLM7cTU87MWRP2mPIjqfIDnGu+VIO4V/SdhGo2E=
golang.org/x/crypto v0.47.0 h1:V6e3FRj+n4dbpw86FJ8Fv7XVOql7TEwpHapKoMJ/GO8=
golang.org/x/crypto v0.47.0/go.mod h1:ff3Y9VzzKbwSSEzWqJsJVBnWmRwRSHt/6Op5n9bQc4A=
golang.org/x/exp v0.0.0-20240325151524-a685a6edb6d8 h1:aAcj0Da7eBAtrTp03QXWvm88pSyOt+UgdZw2BFZ+lEw=
golang.org/x/exp v0.0.0-20240325151524-a685a6edb6d8/go.mod h1:CQ1k9gNrJ50XIzaKCRR2hssIjF07kZFEiieALBM/ARQ=
golang.org/x/net v0.0.0-20180906233101-161cd47e91fd/go.mod h1:mL1N/T3taQHkDXs73rZJwtUhF3w3ftmwwsq0BUmARs4=
golang.org/x/net v0.49.0 h1:eeHFmOGUTtaaPSGNmjBKpbng9MulQsJURQUAfUwY++o=
golang.org/x/net v0.49.0/go.mod h1:/ysNB2EvaqvesRkuLAyjI1ycPZlQHM3q01F02UY/MV8=
golang.org/x/oauth2 v0.34.0 h1:hqK/t4AKgbqWkdkcAeI8XLmbK+4m4G5YeQRrmiotGlw=
golang.org/x/oauth2 v0.34.0/go.mod h1:lzm5WQJQwKZ3nwavOZ3IS5Aulzxi68dUSgRHujetwEA=
golang.org/x/sync v0.0.0-20180314180146-1d60e4601c6f/go.mod h1:RxMgew5VJxzue5/jJTE5uejpjVlOe/izrB70Jof72aM=
golang.org/x/sync v0.19.0 h1:vV+1eWNmZ5geRlYjzm2adRgW2/mcpevXNg50YZtPCE4=
golang.org/x/sync v0.19.0/go.mod h1:9KTHXmSnoGruLpwFjVSX0lNNA75CykiMECbovNTZqGI=
golang.org/x/sys v0.0.0-20180909124046-d0be0721c37e/go.mod h1:STP8DvDyc/dI5b8T5hshtkjS+E42TnysNCUPdjciGhY=
golang.org/x/sys v0.0.0-20190916202348-b4ddaad3f8a3/go.mod h1:h1NjWce9XRLGQEsW7wpKNCjG9DtNlClVuFLEZdDNbEs=
golang.org/x/sys v0.0.0-20201204225414-ed752295db88/go.mod h1:h1NjWce9XRLGQEsW7wpKNCjG9DtNlClVuFLEZdDNbEs=
golang.org/x/sys v0.0.0-20210616094352-59db8d763f22/go.mod h1:oPkhp1MJrh7nUepCBck5+mAzfO9JrbApNNgaTdGDITg=
golang.org/x/sys v0.1.0/go.mod h1:oPkhp1MJrh7nUepCBck5+mAzfO9JrbApNNgaTdGDITg=
golang.org/x/sys v0.6.0/go.mod h1:oPkhp1MJrh7nUepCBck5+mAzfO9JrbApNNgaTdGDITg=
golang.org/x/sys v0.40.0 h1:DBZZqJ2Rkml6QMQsZywtnjnnGvHza6BTfYFWY9kjEWQ=
golang.org/x/sys v0.40.0/go.mod h1:OgkHotnGiDImocRcuBABYBEXf8A9a87e/uXjp9XT3ks=
golang.org/x/term v0.39.0 h1:RclSuaJf32jOqZz74CkPA9qFuVTX7vhLlpfj/IGWlqY=
golang.org/x/term v0.39.0/go.mod h1:yxzUCTP/U+FzoxfdKmLaA0RV1WgE0VY7hXBwKtY/4ww=
golang.org/x/text v0.3.0/go.mod h1:NqM8EUOU14njkJ3fqMW+pc6Ldnwhi/IjpwHt7yyuwOQ=
golang.org/x/text v0.33.0 h1:B3njUFyqtHDUI5jMn1YIr5B0IE2U0qck04r6d4KPAxE=
golang.org/x/text v0.33.0/go.mod h1:LuMebE6+rBincTi9+xWTY8TztLzKHc/9C1uBCG27+q8=
golang.org/x/time v0.12.0 h1:ScB/8o8olJvc+CQPWrK3fPZNfh7qgwCrY0zJmoEQLSE=
golang.org/x/time v0.12.0/go.mod h1:CDIdPxbZBQxdj6cxyCIdrNogrJKMJ7pr37NYpMcMDSg=
gonum.org/v1/gonum v0.16.0 h1:5+ul4Swaf3ESvrOnidPp4GZbzf0mxVQpDCYUQE7OJfk=
gonum.org/v1/gonum v0.16.0/go.mod h1:fef3am4MQ93R2HHpKnLk4/Tbh/s0+wqD5nfa6Pnwy4E=
google.golang.org/genproto/googleapis/api v0.0.0-20260128011058-8636f8732409 h1:merA0rdPeUV3YIIfHHcH4qBkiQAc1nfCKSI7lB4cV2M=
google.golang.org/genproto/googleapis/api v0.0.0-20260128011058-8636f8732409/go.mod h1:fl8J1IvUjCilwZzQowmw2b7HQB2eAuYBabMXzWurF+I=
google.golang.org/genproto/googleapis/rpc v0.0.0-20260128011058-8636f8732409 h1:H86B94AW+VfJWDqFeEbBPhEtHzJwJfTbgE2lZa54ZAQ=
google.golang.org/genproto/googleapis/rpc v0.0.0-20260128011058-8636f8732409/go.mod h1:j9x/tPzZkyxcgEFkiKEEGxfvyumM01BEtsW8xzOahRQ=
google.golang.org/grpc v1.78.0 h1:K1XZG/yGDJnzMdd/uZHAkVqJE+xIDOcmdSFZkBUicNc=
google.golang.org/grpc v1.78.0/go.mod h1:I47qjTo4OKbMkjA/aOOwxDIiPSBofUtQUI5EfpWvW7U=
google.golang.org/protobuf v1.36.11 h1:fV6ZwhNocDyBLK0dj+fg8ektcVegBBuEolpbTQyBNVE=
google.golang.org/protobuf v1.36.11/go.mod h1:HTf+CrKn2C3g5S8VImy6tdcUvCska2kB7j23XfzDpco=
gopkg.in/check.v1 v0.0.0-20161208181325-20d25e280405/go.mod h1:Co6ibVJAznAaIkqp8huTwlJQCZ016jof/cbN4VW5Yz0=
gopkg.in/check.v1 v1.0.0-20201130134442-10cb98267c6c h1:Hei/4ADfdWqJk1ZMxUNpqntNwaWcugrBjAiHlqqRiVk=
gopkg.in/check.v1 v1.0.0-20201130134442-10cb98267c6c/go.mod h1:JHkPIbrfpd72SG/EVd6muEfDQjcINNoR0C8j2r3qZ4Q=
gopkg.in/fsnotify.v1 v1.4.7/go.mod h1:Tz8NjZHkW78fSQdbUxIjBTcgA1z1m8ZHf0WmKUhAMys=
gopkg.in/tomb.v1 v1.0.0-20141024135613-dd632973f1e7/go.mod h1:dt/ZhP58zS4L8KSrWDmTeBkI65Dw0HsyUHuEVlX15mw=
gopkg.in/yaml.v2 v2.2.1/go.mod h1:hI93XBmqTisBFMUTm0b8Fm+jr3Dg1NNxqwp+5A1VGuI=
gopkg.in/yaml.v3 v3.0.0-20200313102051-9f266ea9e77c/go.mod h1:K4uyk7z7BCEPqu6E+C64Yfv1cQ7kz7rIZviUmN+EgEM=
gopkg.in/yaml.v3 v3.0.1 h1:fxVm/GzAzEWqLHuvctI91KS9hhNmmWOoWu0XTYJS7CA=
gopkg.in/yaml.v3 v3.0.1/go.mod h1:K4uyk7z7BCEPqu6E+C64Yfv1cQ7kz7rIZviUmN+EgEM=
gotest.tools/v3 v3.5.2 h1:7koQfIKdy+I8UTetycgUqXWSDwpgv193Ka+qRsmBY8Q=
gotest.tools/v3 v3.5.2/go.mod h1:LtdLGcnqToBH83WByAAi/wiwSFCArdFIUV/xxN4pcjA=
